
Microsoft Visual Studio Solution File, Format Version 12.00
# Visual Studio Version 17
VisualStudioVersion = 17.4.33027.239
MinimumVisualStudioVersion = 10.0.40219.1
Project("{9A19103F-16F7-4668-BE54-9A1E7A4F7556}") = "E3EnergyConverter", "E3EnergyConverter\E3EnergyConverter.csproj", "{7AEA4B29-6654-4C30-A42F-3ACAD4F44157}"
EndProject
Project("{2150E333-8FDC-42A3-9474-1A3956D46DE8}") = "SolutionItems", "SolutionItems", "{E4394588-565D-4A5C-9C67-BF8755A730B1}"
	ProjectSection(SolutionItems) = preProject
		README.md = README.md
	EndProjectSection
EndProject
Global
	GlobalSection(SolutionConfigurationPlatforms) = preSolution
		Debug|Any CPU = Debug|Any CPU
		Debug|x64 = Debug|x64
		Release|Any CPU = Release|Any CPU
		Release|x64 = Release|x64
	EndGlobalSection
	GlobalSection(ProjectConfigurationPlatforms) = postSolution
		{7AEA4B29-6654-4C30-A42F-3ACAD4F44157}.Debug|Any CPU.ActiveCfg = Debug|Any CPU
		{7AEA4B29-6654-4C30-A42F-3ACAD4F44157}.Debug|Any CPU.Build.0 = Debug|Any CPU
		{7AEA4B29-6654-4C30-A42F-3ACAD4F44157}.Debug|x64.ActiveCfg = Debug|x64
		{7AEA4B29-6654-4C30-A42F-3ACAD4F44157}.Debug|x64.Build.0 = Debug|x64
		{7AEA4B29-6654-4C30-A42F-3ACAD4F44157}.Release|Any CPU.ActiveCfg = Release|Any CPU
		{7AEA4B29-6654-4C30-A42F-3ACAD4F44157}.Release|Any CPU.Build.0 = Release|Any CPU
		{7AEA4B29-6654-4C30-A42F-3ACAD4F44157}.Release|x64.ActiveCfg = Release|x64
		{7AEA4B29-6654-4C30-A42F-3ACAD4F44157}.Release|x64.Build.0 = Release|x64
	EndGlobalSection
	GlobalSection(SolutionProperties) = preSolution
		HideSolutionNode = FALSE
	EndGlobalSection
	GlobalSection(ExtensibilityGlobals) = postSolution
		SolutionGuid = {B345FCEC-9523-4340-87A2-29AB43CD1F3C}
	EndGlobalSection
EndGlobal
